// !$*UTF8*$!
{
	archiveVersion = 1;
	classes = {
	};
	objectVersion = 56;
	objects = {

/* Begin PBXBuildFile section */
		BD095DAD2C0137FF0058A2DB /* camera_accessApp.swift in Sources */ = {isa = PBXBuildFile; fileRef = BD095DAC2C0137FF0058A2DB /* camera_accessApp.swift */; };
		BD095DAF2C0137FF0058A2DB /* ContentView.swift in Sources */ = {isa = PBXBuildFile; fileRef = BD095DAE2C0137FF0058A2DB /* ContentView.swift */; };
		BD095DB12C0138020058A2DB /* Assets.xcassets in Resources */ = {isa = PBXBuildFile; fileRef = BD095DB02C0138020058A2DB /* Assets.xcassets */; };
		BD095DB42C0138020058A2DB /* Preview Assets.xcassets in Resources */ = {isa = PBXBuildFile; fileRef = BD095DB32C0138020058A2DB /* Preview Assets.xcassets */; };
		BD095DBE2C0138020058A2DB /* camera_accessTests.swift in Sources */ = {isa = PBXBuildFile; fileRef = BD095DBD2C0138020058A2DB /* camera_accessTests.swift */; };
		BD095DC82C0138020058A2DB /* camera_accessUITests.swift in Sources */ = {isa = PBXBuildFile; fileRef = BD095DC72C0138020058A2DB /* camera_accessUITests.swift */; };
		BD095DCA2C0138020058A2DB /* camera_accessUITestsLaunchTests.swift in Sources */ = {isa = PBXBuildFile; fileRef = BD095DC92C0138020058A2DB /* camera_accessUITestsLaunchTests.swift */; };
/* End PBXBuildFile section */

/* Begin PBXContainerItemProxy section */
		BD095DBA2C0138020058A2DB /* PBXContainerItemProxy */ = {
			isa = PBXContainerItemProxy;
			containerPortal = BD095DA12C0137FF0058A2DB /* Project object */;
			proxyType = 1;
			remoteGlobalIDString = BD095DA82C0137FF0058A2DB;
			remoteInfo = "camera-access";
		};
		BD095DC42C0138020058A2DB /* PBXContainerItemProxy */ = {
			isa = PBXContainerItemProxy;
			containerPortal = BD095DA12C0137FF0058A2DB /* Project object */;
			proxyType = 1;
			remoteGlobalIDString = BD095DA82C0137FF0058A2DB;
			remoteInfo = "camera-access";
		};
/* End PBXContainerItemProxy section */

/* Begin PBXFileReference section */
		BD095DA92C0137FF0058A2DB /* camera-access.app */ = {isa = PBXFileReference; explicitFileType = wrapper.application; includeInIndex = 0; path = "camera-access.app"; sourceTree = BUILT_PRODUCTS_DIR; };
		BD095DAC2C0137FF0058A2DB /* camera_accessApp.swift */ = {isa = PBXFileReference; lastKnownFileType = sourcecode.swift; path = camera_accessApp.swift; sourceTree = "<group>"; };
		BD095DAE2C0137FF0058A2DB /* ContentView.swift */ = {isa = PBXFileReference; lastKnownFileType = sourcecode.swift; path = ContentView.swift; sourceTree = "<group>"; };
		BD095DB02C0138020058A2DB /* Assets.xcassets */ = {isa = PBXFileReference; lastKnownFileType = folder.assetcatalog; path = Assets.xcassets; sourceTree = "<group>"; };
		BD095DB32C0138020058A2DB /* Preview Assets.xcassets */ = {isa = PBXFileReference; lastKnownFileType = folder.assetcatalog; path = "Preview Assets.xcassets"; sourceTree = "<group>"; };
		BD095DB92C0138020058A2DB /* camera-accessTests.xctest */ = {isa = PBXFileReference; explicitFileType = wrapper.cfbundle; includeInIndex = 0; path = "camera-accessTests.xctest"; sourceTree = BUILT_PRODUCTS_DIR; };
		BD095DBD2C0138020058A2DB /* camera_accessTests.swift */ = {isa = PBXFileReference; lastKnownFileType = sourcecode.swift; path = camera_accessTests.swift; sourceTree = "<group>"; };
		BD095DC32C0138020058A2DB /* camera-accessUITests.xctest */ = {isa = PBXFileReference; explicitFileType = wrapper.cfbundle; includeInIndex = 0; path = "camera-accessUITests.xctest"; sourceTree = BUILT_PRODUCTS_DIR; };
		BD095DC72C0138020058A2DB /* camera_accessUITests.swift */ = {isa = PBXFileReference; lastKnownFileType = sourcecode.swift; path = camera_accessUITests.swift; sourceTree = "<group>"; };
		BD095DC92C0138020058A2DB /* camera_accessUITestsLaunchTests.swift */ = {isa = PBXFileReference; lastKnownFileType = sourcecode.swift; path = camera_accessUITestsLaunchTests.swift; sourceTree = "<group>"; };
/* End PBXFileReference section */

/* Begin PBXFrameworksBuildPhase section */
		BD095DA62C0137FF0058A2DB /* Frameworks */ = {
			isa = PBXFrameworksBuildPhase;
			buildActionMask = 2147483647;
			files = (
			);
			runOnlyForDeploymentPostprocessing = 0;
		};
		BD095DB62C0138020058A2DB /* Frameworks */ = {
			isa = PBXFrameworksBuildPhase;
			buildActionMask = 2147483647;
			files = (
			);
			runOnlyForDeploymentPostprocessing = 0;
		};
		BD095DC02C0138020058A2DB /* Frameworks */ = {
			isa = PBXFrameworksBuildPhase;
			buildActionMask = 2147483647;
			files = (
			);
			runOnlyForDeploymentPostprocessing = 0;
		};
/* End PBXFrameworksBuildPhase section */

/* Begin PBXGroup section */
		BD095DA02C0137FF0058A2DB = {
			isa = PBXGroup;
			children = (
				BD095DAB2C0137FF0058A2DB /* camera-access */,
				BD095DBC2C0138020058A2DB /* camera-accessTests */,
				BD095DC62C0138020058A2DB /* camera-accessUITests */,
				BD095DAA2C0137FF0058A2DB /* Products */,
			);
			sourceTree = "<group>";
		};
		BD095DAA2C0137FF0058A2DB /* Products */ = {
			isa = PBXGroup;
			children = (
				BD095DA92C0137FF0058A2DB /* camera-access.app */,
				BD095DB92C0138020058A2DB /* camera-accessTests.xctest */,
				BD095DC32C0138020058A2DB /* camera-accessUITests.xctest */,
			);
			name = Products;
			sourceTree = "<group>";
		};
		BD095DAB2C0137FF0058A2DB /* camera-access */ = {
			isa = PBXGroup;
			children = (
				BD095DAC2C0137FF0058A2DB /* camera_accessApp.swift */,
				BD095DAE2C0137FF0058A2DB /* ContentView.swift */,
				BD095DB02C0138020058A2DB /* Assets.xcassets */,
				BD095DB22C0138020058A2DB /* Preview Content */,
			);
			path = "camera-access";
			sourceTree = "<group>";
		};
		BD095DB22C0138020058A2DB /* Preview Content */ = {
			isa = PBXGroup;
			children = (
				BD095DB32C0138020058A2DB /* Preview Assets.xcassets */,
			);
			path = "Preview Content";
			sourceTree = "<group>";
		};
		BD095DBC2C0138020058A2DB /* camera-accessTests */ = {
			isa = PBXGroup;
			children = (
				BD095DBD2C0138020058A2DB /* camera_accessTests.swift */,
			);
			path = "camera-accessTests";
			sourceTree = "<group>";
		};
		BD095DC62C0138020058A2DB /* camera-accessUITests */ = {
			isa = PBXGroup;
			children = (
				BD095DC72C0138020058A2DB /* camera_accessUITests.swift */,
				BD095DC92C0138020058A2DB /* camera_accessUITestsLaunchTests.swift */,
			);
			path = "camera-accessUITests";
			sourceTree = "<group>";
		};
/* End PBXGroup section */

/* Begin PBXNativeTarget section */
		BD095DA82C0137FF0058A2DB /* camera-access */ = {
			isa = PBXNativeTarget;
			buildConfigurationList = BD095DCD2C0138020058A2DB /* Build configuration list for PBXNativeTarget "camera-access" */;
			buildPhases = (
				BD095DA52C0137FF0058A2DB /* Sources */,
				BD095DA62C0137FF0058A2DB /* Frameworks */,
				BD095DA72C0137FF0058A2DB /* Resources */,
			);
			buildRules = (
			);
			dependencies = (
			);
			name = "camera-access";
			productName = "camera-access";
			productReference = BD095DA92C0137FF0058A2DB /* camera-access.app */;
			productType = "com.apple.product-type.application";
		};
		BD095DB82C0138020058A2DB /* camera-accessTests */ = {
			isa = PBXNativeTarget;
			buildConfigurationList = BD095DD02C0138020058A2DB /* Build configuration list for PBXNativeTarget "camera-accessTests" */;
			buildPhases = (
				BD095DB52C0138020058A2DB /* Sources */,
				BD095DB62C0138020058A2DB /* Frameworks */,
				BD095DB72C0138020058A2DB /* Resources */,
			);
			buildRules = (
			);
			dependencies = (
				BD095DBB2C0138020058A2DB /* PBXTargetDependency */,
			);
			name = "camera-accessTests";
			productName = "camera-accessTests";
			productReference = BD095DB92C0138020058A2DB /* camera-accessTests.xctest */;
			productType = "com.apple.product-type.bundle.unit-test";
		};
		BD095DC22C0138020058A2DB /* camera-accessUITests */ = {
			isa = PBXNativeTarget;
			buildConfigurationList = BD095DD32C0138020058A2DB /* Build configuration list for PBXNativeTarget "camera-accessUITests" */;
			buildPhases = (
				BD095DBF2C0138020058A2DB /* Sources */,
				BD095DC02C0138020058A2DB /* Frameworks */,
				BD095DC12C0138020058A2DB /* Resources */,
			);
			buildRules = (
			);
			dependencies = (
				BD095DC52C0138020058A2DB /* PBXTargetDependency */,
			);
			name = "camera-accessUITests";
			productName = "camera-accessUITests";
			productReference = BD095DC32C0138020058A2DB /* camera-accessUITests.xctest */;
			productType = "com.apple.product-type.bundle.ui-testing";
		};
/* End PBXNativeTarget section */

/* Begin PBXProject section */
		BD095DA12C0137FF0058A2DB /* Project object */ = {
			isa = PBXProject;
			attributes = {
				BuildIndependentTargetsInParallel = 1;
				LastSwiftUpdateCheck = 1540;
				LastUpgradeCheck = 1540;
				TargetAttributes = {
					BD095DA82C0137FF0058A2DB = {
						CreatedOnToolsVersion = 15.4;
					};
					BD095DB82C0138020058A2DB = {
						CreatedOnToolsVersion = 15.4;
						TestTargetID = BD095DA82C0137FF0058A2DB;
					};
					BD095DC22C0138020058A2DB = {
						CreatedOnToolsVersion = 15.4;
						TestTargetID = BD095DA82C0137FF0058A2DB;
					};
				};
			};
			buildConfigurationList = BD095DA42C0137FF0058A2DB /* Build configuration list for PBXProject "camera-access" */;
			compatibilityVersion = "Xcode 14.0";
			developmentRegion = en;
			hasScannedForEncodings = 0;
			knownRegions = (
				en,
				Base,
			);
			mainGroup = BD095DA02C0137FF0058A2DB;
			productRefGroup = BD095DAA2C0137FF0058A2DB /* Products */;
			projectDirPath = "";
			projectRoot = "";
			targets = (
				BD095DA82C0137FF0058A2DB /* camera-access */,
				BD095DB82C0138020058A2DB /* camera-accessTests */,
				BD095DC22C0138020058A2DB /* camera-accessUITests */,
			);
		};
/* End PBXProject section */

/* Begin PBXResourcesBuildPhase section */
		BD095DA72C0137FF0058A2DB /* Resources */ = {
			isa = PBXResourcesBuildPhase;
			buildActionMask = 2147483647;
			files = (
				BD095DB42C0138020058A2DB /* Preview Assets.xcassets in Resources */,
				BD095DB12C0138020058A2DB /* Assets.xcassets in Resources */,
			);
			runOnlyForDeploymentPostprocessing = 0;
		};
		BD095DB72C0138020058A2DB /* Resources */ = {
			isa = PBXResourcesBuildPhase;
			buildActionMask = 2147483647;
			files = (
			);
			runOnlyForDeploymentPostprocessing = 0;
		};
		BD095DC12C0138020058A2DB /* Resources */ = {
			isa = PBXResourcesBuildPhase;
			buildActionMask = 2147483647;
			files = (
			);
			runOnlyForDeploymentPostprocessing = 0;
		};
/* End PBXResourcesBuildPhase section */

/* Begin PBXSourcesBuildPhase section */
		BD095DA52C0137FF0058A2DB /* Sources */ = {
			isa = PBXSourcesBuildPhase;
			buildActionMask = 2147483647;
			files = (
				BD095DAF2C0137FF0058A2DB /* ContentView.swift in Sources */,
				BD095DAD2C0137FF0058A2DB /* camera_accessApp.swift in Sources */,
			);
			runOnlyForDeploymentPostprocessing = 0;
		};
		BD095DB52C0138020058A2DB /* Sources */ = {
			isa = PBXSourcesBuildPhase;
			buildActionMask = 2147483647;
			files = (
				BD095DBE2C0138020058A2DB /* camera_accessTests.swift in Sources */,
			);
			runOnlyForDeploymentPostprocessing = 0;
		};
		BD095DBF2C0138020058A2DB /* Sources */ = {
			isa = PBXSourcesBuildPhase;
			buildActionMask = 2147483647;
			files = (
				BD095DC82C0138020058A2DB /* camera_accessUITests.swift in Sources */,
				BD095DCA2C0138020058A2DB /* camera_accessUITestsLaunchTests.swift in Sources */,
			);
			runOnlyForDeploymentPostprocessing = 0;
		};
/* End PBXSourcesBuildPhase section */

/* Begin PBXTargetDependency section */
		BD095DBB2C0138020058A2DB /* PBXTargetDependency */ = {
			isa = PBXTargetDependency;
			target = BD095DA82C0137FF0058A2DB /* camera-access */;
			targetProxy = BD095DBA2C0138020058A2DB /* PBXContainerItemProxy */;
		};
		BD095DC52C0138020058A2DB /* PBXTargetDependency */ = {
			isa = PBXTargetDependency;
			target = BD095DA82C0137FF0058A2DB /* camera-access */;
			targetProxy = BD095DC42C0138020058A2DB /* PBXContainerItemProxy */;
		};
/* End PBXTargetDependency section */

/* Begin XCBuildConfiguration section */
		BD095DCB2C0138020058A2DB /* Debug */ = {
			isa = XCBuildConfiguration;
			buildSettings = {
				ALWAYS_SEARCH_USER_PATHS = NO;
				ASSETCATALOG_COMPILER_GENERATE_SWIFT_ASSET_SYMBOL_EXTENSIONS = YES;
				CLANG_ANALYZER_NONNULL = YES;
				CLANG_ANALYZER_NUMBER_OBJECT_CONVERSION = YES_AGGRESSIVE;
				CLANG_CXX_LANGUAGE_STANDARD = "gnu++20";
				CLANG_ENABLE_MODULES = YES;
				CLANG_ENABLE_OBJC_ARC = YES;
				CLANG_ENABLE_OBJC_WEAK = YES;
				CLANG_WARN_BLOCK_CAPTURE_AUTORELEASING = YES;
				CLANG_WARN_BOOL_CONVERSION = YES;
				CLANG_WARN_COMMA = YES;
				CLANG_WARN_CONSTANT_CONVERSION = YES;
				CLANG_WARN_DEPRECATED_OBJC_IMPLEMENTATIONS = YES;
				CLANG_WARN_DIRECT_OBJC_ISA_USAGE = YES_ERROR;
				CLANG_WARN_DOCUMENTATION_COMMENTS = YES;
				CLANG_WARN_EMPTY_BODY = YES;
				CLANG_WARN_ENUM_CONVERSION = YES;
				CLANG_WARN_INFINITE_RECURSION = YES;
				CLANG_WARN_INT_CONVERSION = YES;
				CLANG_WARN_NON_LITERAL_NULL_CONVERSION = YES;
				CLANG_WARN_OBJC_IMPLICIT_RETAIN_SELF = YES;
				CLANG_WARN_OBJC_LITERAL_CONVERSION = YES;
				CLANG_WARN_OBJC_ROOT_CLASS = YES_ERROR;
				CLANG_WARN_QUOTED_INCLUDE_IN_FRAMEWORK_HEADER = YES;
				CLANG_WARN_RANGE_LOOP_ANALYSIS = YES;
				CLANG_WARN_STRICT_PROTOTYPES = YES;
				CLANG_WARN_SUSPICIOUS_MOVE = YES;
				CLANG_WARN_UNGUARDED_AVAILABILITY = YES_AGGRESSIVE;
				CLANG_WARN_UNREACHABLE_CODE = YES;
				CLANG_WARN__DUPLICATE_METHOD_MATCH = YES;
				COPY_PHASE_STRIP = NO;
				DEBUG_INFORMATION_FORMAT = dwarf;
				ENABLE_STRICT_OBJC_MSGSEND = YES;
				ENABLE_TESTABILITY = YES;
				ENABLE_USER_SCRIPT_SANDBOXING = YES;
				GCC_C_LANGUAGE_STANDARD = gnu17;
				GCC_DYNAMIC_NO_PIC = NO;
				GCC_NO_COMMON_BLOCKS = YES;
				GCC_OPTIMIZATION_LEVEL = 0;
				GCC_PREPROCESSOR_DEFINITIONS = (
					"DEBUG=1",
					"$(inherited)",
				);
				GCC_WARN_64_TO_32_BIT_CONVERSION = YES;
				GCC_WARN_ABOUT_RETURN_TYPE = YES_ERROR;
				GCC_WARN_UNDECLARED_SELECTOR = YES;
				GCC_WARN_UNINITIALIZED_AUTOS = YES_AGGRESSIVE;
				GCC_WARN_UNUSED_FUNCTION = YES;
				GCC_WARN_UNUSED_VARIABLE = YES;
				IPHONEOS_DEPLOYMENT_TARGET = 17.5;
				LOCALIZATION_PREFERS_STRING_CATALOGS = YES;
				MTL_ENABLE_DEBUG_INFO = INCLUDE_SOURCE;
				MTL_FAST_MATH = YES;
				ONLY_ACTIVE_ARCH = YES;
				SDKROOT = iphoneos;
				SWIFT_ACTIVE_COMPILATION_CONDITIONS = "DEBUG $(inherited)";
				SWIFT_OPTIMIZATION_LEVEL = "-Onone";
			};
			name = Debug;
		};
		BD095DCC2C0138020058A2DB /* Release */ = {
			isa = XCBuildConfiguration;
			buildSettings = {
				ALWAYS_SEARCH_USER_PATHS = NO;
				ASSETCATALOG_COMPILER_GENERATE_SWIFT_ASSET_SYMBOL_EXTENSIONS = YES;
				CLANG_ANALYZER_NONNULL = YES;
				CLANG_ANALYZER_NUMBER_OBJECT_CONVERSION = YES_AGGRESSIVE;
				CLANG_CXX_LANGUAGE_STANDARD = "gnu++20";
				CLANG_ENABLE_MODULES = YES;
				CLANG_ENABLE_OBJC_ARC = YES;
				CLANG_ENABLE_OBJC_WEAK = YES;
				CLANG_WARN_BLOCK_CAPTURE_AUTORELEASING = YES;
				CLANG_WARN_BOOL_CONVERSION = YES;
				CLANG_WARN_COMMA = YES;
				CLANG_WARN_CONSTANT_CONVERSION = YES;
				CLANG_WARN_DEPRECATED_OBJC_IMPLEMENTATIONS = YES;
				CLANG_WARN_DIRECT_OBJC_ISA_USAGE = YES_ERROR;
				CLANG_WARN_DOCUMENTATION_COMMENTS = YES;
				CLANG_WARN_EMPTY_BODY = YES;
				CLANG_WARN_ENUM_CONVERSION = YES;
				CLANG_WARN_INFINITE_RECURSION = YES;
				CLANG_WARN_INT_CONVERSION = YES;
				CLANG_WARN_NON_LITERAL_NULL_CONVERSION = YES;
				CLANG_WARN_OBJC_IMPLICIT_RETAIN_SELF = YES;
				CLANG_WARN_OBJC_LITERAL_CONVERSION = YES;
				CLANG_WARN_OBJC_ROOT_CLASS = YES_ERROR;
				CLANG_WARN_QUOTED_INCLUDE_IN_FRAMEWORK_HEADER = YES;
				CLANG_WARN_RANGE_LOOP_ANALYSIS = YES;
				CLANG_WARN_STRICT_PROTOTYPES = YES;
				CLANG_WARN_SUSPICIOUS_MOVE = YES;
				CLANG_WARN_UNGUARDED_AVAILABILITY = YES_AGGRESSIVE;
				CLANG_WARN_UNREACHABLE_CODE = YES;
				CLANG_WARN__DUPLICATE_METHOD_MATCH = YES;
				COPY_PHASE_STRIP = NO;
				DEBUG_INFORMATION_FORMAT = "dwarf-with-dsym";
				ENABLE_NS_ASSERTIONS = NO;
				ENABLE_STRICT_OBJC_MSGSEND = YES;
				ENABLE_USER_SCRIPT_SANDBOXING = YES;
				GCC_C_LANGUAGE_STANDARD = gnu17;
				GCC_NO_COMMON_BLOCKS = YES;
				GCC_WARN_64_TO_32_BIT_CONVERSION = YES;
				GCC_WARN_ABOUT_RETURN_TYPE = YES_ERROR;
				GCC_WARN_UNDECLARED_SELECTOR = YES;
				GCC_WARN_UNINITIALIZED_AUTOS = YES_AGGRESSIVE;
				GCC_WARN_UNUSED_FUNCTION = YES;
				GCC_WARN_UNUSED_VARIABLE = YES;
				IPHONEOS_DEPLOYMENT_TARGET = 17.5;
				LOCALIZATION_PREFERS_STRING_CATALOGS = YES;
				MTL_ENABLE_DEBUG_INFO = NO;
				MTL_FAST_MATH = YES;
				SDKROOT = iphoneos;
				SWIFT_COMPILATION_MODE = wholemodule;
				VALIDATE_PRODUCT = YES;
			};
			name = Release;
		};
		BD095DCE2C0138020058A2DB /* Debug */ = {
			isa = XCBuildConfiguration;
			buildSettings = {
				ASSETCATALOG_COMPILER_APPICON_NAME = AppIcon;
				ASSETCATALOG_COMPILER_GLOBAL_ACCENT_COLOR_NAME = AccentColor;
				CODE_SIGN_STYLE = Automatic;
				CURRENT_PROJECT_VERSION = 1;
				DEVELOPMENT_ASSET_PATHS = "\"camera-access/Preview Content\"";
				ENABLE_PREVIEWS = YES;
				GENERATE_INFOPLIST_FILE = YES;
				INFOPLIST_KEY_UIApplicationSceneManifest_Generation = YES;
				INFOPLIST_KEY_UIApplicationSupportsIndirectInputEvents = YES;
				INFOPLIST_KEY_UILaunchScreen_Generation = YES;
				INFOPLIST_KEY_UISupportedInterfaceOrientations_iPad = "UIInterfaceOrientationPortrait UIInterfaceOrientationPortraitUpsideDown UIInterfaceOrientationLandscapeLeft UIInterfaceOrientationLandscapeRight";
				INFOPLIST_KEY_UISupportedInterfaceOrientations_iPhone = "UIInterfaceOrientationPortrait UIInterfaceOrientationLandscapeLeft UIInterfaceOrientationLandscapeRight";
				LD_RUNPATH_SEARCH_PATHS = (
					"$(inherited)",
					"@executable_path/Frameworks",
				);
				MARKETING_VERSION = 1.0;
				PRODUCT_BUNDLE_IDENTIFIER = "kwk.camera-access";
				PRODUCT_NAME = "$(TARGET_NAME)";
				SWIFT_EMIT_LOC_STRINGS = YES;
				SWIFT_VERSION = 5.0;
				TARGETED_DEVICE_FAMILY = "1,2";
			};
			name = Debug;
		};
		BD095DCF2C0138020058A2DB /* Release */ = {
			isa = XCBuildConfiguration;
			buildSettings = {
				ASSETCATALOG_COMPILER_APPICON_NAME = AppIcon;
				ASSETCATALOG_COMPILER_GLOBAL_ACCENT_COLOR_NAME = AccentColor;
				CODE_SIGN_STYLE = Automatic;
				CURRENT_PROJECT_VERSION = 1;
				DEVELOPMENT_ASSET_PATHS = "\"camera-access/Preview Content\"";
				ENABLE_PREVIEWS = YES;
				GENERATE_INFOPLIST_FILE = YES;
				INFOPLIST_KEY_UIApplicationSceneManifest_Generation = YES;
				INFOPLIST_KEY_UIApplicationSupportsIndirectInputEvents = YES;
				INFOPLIST_KEY_UILaunchScreen_Generation = YES;
				INFOPLIST_KEY_UISupportedInterfaceOrientations_iPad = "UIInterfaceOrientationPortrait UIInterfaceOrientationPortraitUpsideDown UIInterfaceOrientationLandscapeLeft UIInterfaceOrientationLandscapeRight";
				INFOPLIST_KEY_UISupportedInterfaceOrientations_iPhone = "UIInterfaceOrientationPortrait UIInterfaceOrientationLandscapeLeft UIInterfaceOrientationLandscapeRight";
				LD_RUNPATH_SEARCH_PATHS = (
					"$(inherited)",
					"@executable_path/Frameworks",
				);
				MARKETING_VERSION = 1.0;
				PRODUCT_BUNDLE_IDENTIFIER = "kwk.camera-access";
				PRODUCT_NAME = "$(TARGET_NAME)";
				SWIFT_EMIT_LOC_STRINGS = YES;
				SWIFT_VERSION = 5.0;
				TARGETED_DEVICE_FAMILY = "1,2";
			};
			name = Release;
		};
		BD095DD12C0138020058A2DB /* Debug */ = {
			isa = XCBuildConfiguration;
			buildSettings = {
				ALWAYS_EMBED_SWIFT_STANDARD_LIBRARIES = YES;
				BUNDLE_LOADER = "$(TEST_HOST)";
				CODE_SIGN_STYLE = Automatic;
				CURRENT_PROJECT_VERSION = 1;
				GENERATE_INFOPLIST_FILE = YES;
				IPHONEOS_DEPLOYMENT_TARGET = 17.5;
				MARKETING_VERSION = 1.0;
				PRODUCT_BUNDLE_IDENTIFIER = "kwk.camera-accessTests";
				PRODUCT_NAME = "$(TARGET_NAME)";
				SWIFT_EMIT_LOC_STRINGS = NO;
				SWIFT_VERSION = 5.0;
				TARGETED_DEVICE_FAMILY = "1,2";
				TEST_HOST = "$(BUILT_PRODUCTS_DIR)/camera-access.app/$(BUNDLE_EXECUTABLE_FOLDER_PATH)/camera-access";
			};
			name = Debug;
		};
		BD095DD22C0138020058A2DB /* Release */ = {
			isa = XCBuildConfiguration;
			buildSettings = {
				ALWAYS_EMBED_SWIFT_STANDARD_LIBRARIES = YES;
				BUNDLE_LOADER = "$(TEST_HOST)";
				CODE_SIGN_STYLE = Automatic;
				CURRENT_PROJECT_VERSION = 1;
				GENERATE_INFOPLIST_FILE = YES;
				IPHONEOS_DEPLOYMENT_TARGET = 17.5;
				MARKETING_VERSION = 1.0;
				PRODUCT_BUNDLE_IDENTIFIER = "kwk.camera-accessTests";
				PRODUCT_NAME = "$(TARGET_NAME)";
				SWIFT_EMIT_LOC_STRINGS = NO;
				SWIFT_VERSION = 5.0;
				TARGETED_DEVICE_FAMILY = "1,2";
				TEST_HOST = "$(BUILT_PRODUCTS_DIR)/camera-access.app/$(BUNDLE_EXECUTABLE_FOLDER_PATH)/camera-access";
			};
			name = Release;
		};
		BD095DD42C0138020058A2DB /* Debug */ = {
			isa = XCBuildConfiguration;
			buildSettings = {
				ALWAYS_EMBED_SWIFT_STANDARD_LIBRARIES = YES;
				CODE_SIGN_STYLE = Automatic;
				CURRENT_PROJECT_VERSION = 1;
				GENERATE_INFOPLIST_FILE = YES;
				MARKETING_VERSION = 1.0;
				PRODUCT_BUNDLE_IDENTIFIER = "kwk.camera-accessUITests";
				PRODUCT_NAME = "$(TARGET_NAME)";
				SWIFT_EMIT_LOC_STRINGS = NO;
				SWIFT_VERSION = 5.0;
				TARGETED_DEVICE_FAMILY = "1,2";
				TEST_TARGET_NAME = "camera-access";
			};
			name = Debug;
		};
		BD095DD52C0138020058A2DB /* Release */ = {
			isa = XCBuildConfiguration;
			buildSettings = {
				ALWAYS_EMBED_SWIFT_STANDARD_LIBRARIES = YES;
				CODE_SIGN_STYLE = Automatic;
				CURRENT_PROJECT_VERSION = 1;
				GENERATE_INFOPLIST_FILE = YES;
				MARKETING_VERSION = 1.0;
				PRODUCT_BUNDLE_IDENTIFIER = "kwk.camera-accessUITests";
				PRODUCT_NAME = "$(TARGET_NAME)";
				SWIFT_EMIT_LOC_STRINGS = NO;
				SWIFT_VERSION = 5.0;
				TARGETED_DEVICE_FAMILY = "1,2";
				TEST_TARGET_NAME = "camera-access";
			};
			name = Release;
		};
/* End XCBuildConfiguration section */

/* Begin XCConfigurationList section */
		BD095DA42C0137FF0058A2DB /* Build configuration list for PBXProject "camera-access" */ = {
			isa = XCConfigurationList;
			buildConfigurations = (
				BD095DCB2C0138020058A2DB /* Debug */,
				BD095DCC2C0138020058A2DB /* Release */,
			);
			defaultConfigurationIsVisible = 0;
			defaultConfigurationName = Release;
		};
		BD095DCD2C0138020058A2DB /* Build configuration list for PBXNativeTarget "camera-access" */ = {
			isa = XCConfigurationList;
			buildConfigurations = (
				BD095DCE2C0138020058A2DB /* Debug */,
				BD095DCF2C0138020058A2DB /* Release */,
			);
			defaultConfigurationIsVisible = 0;
			defaultConfigurationName = Release;
		};
		BD095DD02C0138020058A2DB /* Build configuration list for PBXNativeTarget "camera-accessTests" */ = {
			isa = XCConfigurationList;
			buildConfigurations = (
				BD095DD12C0138020058A2DB /* Debug */,
				BD095DD22C0138020058A2DB /* Release */,
			);
			defaultConfigurationIsVisible = 0;
			defaultConfigurationName = Release;
		};
		BD095DD32C0138020058A2DB /* Build configuration list for PBXNativeTarget "camera-accessUITests" */ = {
			isa = XCConfigurationList;
			buildConfigurations = (
				BD095DD42C0138020058A2DB /* Debug */,
				BD095DD52C0138020058A2DB /* Release */,
			);
			defaultConfigurationIsVisible = 0;
			defaultConfigurationName = Release;
		};
/* End XCConfigurationList section */
	};
	rootObject = BD095DA12C0137FF0058A2DB /* Project object */;
}
